// !$*UTF8*$!
{
	archiveVersion = 1;
	classes = {
	};
	objectVersion = 46;
	objects = {

/* Begin PBXAggregateTarget section */
		24416B8111C4CA220047AFDD /* Build & Test */ = {
			isa = PBXAggregateTarget;
			buildConfigurationList = 24416B8A11C4CA520047AFDD /* Build configuration list for PBXAggregateTarget "Build & Test" */;
			buildPhases = (
				24416B8011C4CA220047AFDD /* ShellScript */,
			);
			dependencies = (
				24416B8511C4CA280047AFDD /* PBXTargetDependency */,
			);
			name = "Build & Test";
			productName = "Build & test";
		};
/* End PBXAggregateTarget section */

/* Begin PBXBuildFile section */
		24DD6CF91134B3F500162E58 /* TiHomekitModule.h in Headers */ = {isa = PBXBuildFile; fileRef = 24DD6CF71134B3F500162E58 /* TiHomekitModule.h */; };
		24DD6CFA1134B3F500162E58 /* TiHomekitModule.m in Sources */ = {isa = PBXBuildFile; fileRef = 24DD6CF81134B3F500162E58 /* TiHomekitModule.m */; };
		24DE9E1111C5FE74003F90F6 /* TiHomekitModuleAssets.h in Headers */ = {isa = PBXBuildFile; fileRef = 24DE9E0F11C5FE74003F90F6 /* TiHomekitModuleAssets.h */; };
		24DE9E1211C5FE74003F90F6 /* TiHomekitModuleAssets.m in Sources */ = {isa = PBXBuildFile; fileRef = 24DE9E1011C5FE74003F90F6 /* TiHomekitModuleAssets.m */; };
		AA747D9F0F9514B9006C5449 /* TiHomekit_Prefix.pch in Headers */ = {isa = PBXBuildFile; fileRef = AA747D9E0F9514B9006C5449 /* TiHomekit_Prefix.pch */; };
		AACBBE4A0F95108600F1A2B1 /* Foundation.framework in Frameworks */ = {isa = PBXBuildFile; fileRef = AACBBE490F95108600F1A2B1 /* Foundation.framework */; };
		DB138C431E9C356300A701D9 /* TiHomekitServiceProxy.h in Headers */ = {isa = PBXBuildFile; fileRef = DB138C411E9C356300A701D9 /* TiHomekitServiceProxy.h */; };
		DB138C441E9C356300A701D9 /* TiHomekitServiceProxy.m in Sources */ = {isa = PBXBuildFile; fileRef = DB138C421E9C356300A701D9 /* TiHomekitServiceProxy.m */; };
		DB138C471E9C362100A701D9 /* TiHomekitRoomProxy.h in Headers */ = {isa = PBXBuildFile; fileRef = DB138C451E9C362100A701D9 /* TiHomekitRoomProxy.h */; };
		DB138C481E9C362100A701D9 /* TiHomekitRoomProxy.m in Sources */ = {isa = PBXBuildFile; fileRef = DB138C461E9C362100A701D9 /* TiHomekitRoomProxy.m */; };
		DB44C7111E9C1B1A00D48B8E /* HomeKit.framework in Frameworks */ = {isa = PBXBuildFile; fileRef = DB44C7101E9C1B1A00D48B8E /* HomeKit.framework */; };
		DB68D3FF1E9C46160032C389 /* TiHomekitHomeProxy.h in Headers */ = {isa = PBXBuildFile; fileRef = DB68D3FD1E9C46160032C389 /* TiHomekitHomeProxy.h */; };
		DB68D4001E9C46160032C389 /* TiHomekitHomeProxy.m in Sources */ = {isa = PBXBuildFile; fileRef = DB68D3FE1E9C46160032C389 /* TiHomekitHomeProxy.m */; };
		DB8F5CD21E9C332200BF7C36 /* TiHomekitAccessoryProxy.h in Headers */ = {isa = PBXBuildFile; fileRef = DB8F5CD01E9C332200BF7C36 /* TiHomekitAccessoryProxy.h */; };
		DB8F5CD31E9C332200BF7C36 /* TiHomekitAccessoryProxy.m in Sources */ = {isa = PBXBuildFile; fileRef = DB8F5CD11E9C332200BF7C36 /* TiHomekitAccessoryProxy.m */; };
		DB9341BC1E9CF41500CEE738 /* TiHomekitUserProxy.h in Headers */ = {isa = PBXBuildFile; fileRef = DB9341BA1E9CF41500CEE738 /* TiHomekitUserProxy.h */; };
		DB9341BD1E9CF41500CEE738 /* TiHomekitUserProxy.m in Sources */ = {isa = PBXBuildFile; fileRef = DB9341BB1E9CF41500CEE738 /* TiHomekitUserProxy.m */; };
		DBCC5EFF1E9C21610028DC0B /* TiHomekitAccessoryBrowserProxy.h in Headers */ = {isa = PBXBuildFile; fileRef = DBCC5EFD1E9C21610028DC0B /* TiHomekitAccessoryBrowserProxy.h */; };
		DBCC5F001E9C21610028DC0B /* TiHomekitAccessoryBrowserProxy.m in Sources */ = {isa = PBXBuildFile; fileRef = DBCC5EFE1E9C21610028DC0B /* TiHomekitAccessoryBrowserProxy.m */; };
/* End PBXBuildFile section */

/* Begin PBXContainerItemProxy section */
		24416B8411C4CA280047AFDD /* PBXContainerItemProxy */ = {
			isa = PBXContainerItemProxy;
			containerPortal = 0867D690FE84028FC02AAC07 /* Project object */;
			proxyType = 1;
			remoteGlobalIDString = D2AAC07D0554694100DB518D;
			remoteInfo = "titanium-homekit";
		};
/* End PBXContainerItemProxy section */

/* Begin PBXFileReference section */
		24DD6CF71134B3F500162E58 /* TiHomekitModule.h */ = {isa = PBXFileReference; fileEncoding = 4; lastKnownFileType = sourcecode.c.h; name = TiHomekitModule.h; path = Classes/TiHomekitModule.h; sourceTree = "<group>"; };
		24DD6CF81134B3F500162E58 /* TiHomekitModule.m */ = {isa = PBXFileReference; fileEncoding = 4; lastKnownFileType = sourcecode.c.objc; name = TiHomekitModule.m; path = Classes/TiHomekitModule.m; sourceTree = "<group>"; };
		24DD6D1B1134B66800162E58 /* titanium.xcconfig */ = {isa = PBXFileReference; fileEncoding = 4; lastKnownFileType = text.xcconfig; path = titanium.xcconfig; sourceTree = "<group>"; };
		24DE9E0F11C5FE74003F90F6 /* TiHomekitModuleAssets.h */ = {isa = PBXFileReference; fileEncoding = 4; lastKnownFileType = sourcecode.c.h; name = TiHomekitModuleAssets.h; path = Classes/TiHomekitModuleAssets.h; sourceTree = "<group>"; };
		24DE9E1011C5FE74003F90F6 /* TiHomekitModuleAssets.m */ = {isa = PBXFileReference; fileEncoding = 4; lastKnownFileType = sourcecode.c.objc; name = TiHomekitModuleAssets.m; path = Classes/TiHomekitModuleAssets.m; sourceTree = "<group>"; };
		AA747D9E0F9514B9006C5449 /* TiHomekit_Prefix.pch */ = {isa = PBXFileReference; fileEncoding = 4; lastKnownFileType = sourcecode.c.h; path = TiHomekit_Prefix.pch; sourceTree = SOURCE_ROOT; };
		AACBBE490F95108600F1A2B1 /* Foundation.framework */ = {isa = PBXFileReference; lastKnownFileType = wrapper.framework; name = Foundation.framework; path = System/Library/Frameworks/Foundation.framework; sourceTree = SDKROOT; };
		D2AAC07E0554694100DB518D /* libti.homekit.a */ = {isa = PBXFileReference; explicitFileType = archive.ar; includeInIndex = 0; path = libti.homekit.a; sourceTree = BUILT_PRODUCTS_DIR; };
		DB138C411E9C356300A701D9 /* TiHomekitServiceProxy.h */ = {isa = PBXFileReference; fileEncoding = 4; lastKnownFileType = sourcecode.c.h; name = TiHomekitServiceProxy.h; path = Classes/TiHomekitServiceProxy.h; sourceTree = "<group>"; };
		DB138C421E9C356300A701D9 /* TiHomekitServiceProxy.m */ = {isa = PBXFileReference; fileEncoding = 4; lastKnownFileType = sourcecode.c.objc; name = TiHomekitServiceProxy.m; path = Classes/TiHomekitServiceProxy.m; sourceTree = "<group>"; };
		DB138C451E9C362100A701D9 /* TiHomekitRoomProxy.h */ = {isa = PBXFileReference; fileEncoding = 4; lastKnownFileType = sourcecode.c.h; name = TiHomekitRoomProxy.h; path = Classes/TiHomekitRoomProxy.h; sourceTree = "<group>"; };
		DB138C461E9C362100A701D9 /* TiHomekitRoomProxy.m */ = {isa = PBXFileReference; fileEncoding = 4; lastKnownFileType = sourcecode.c.objc; name = TiHomekitRoomProxy.m; path = Classes/TiHomekitRoomProxy.m; sourceTree = "<group>"; };
		DB44C7101E9C1B1A00D48B8E /* HomeKit.framework */ = {isa = PBXFileReference; lastKnownFileType = wrapper.framework; name = HomeKit.framework; path = System/Library/Frameworks/HomeKit.framework; sourceTree = SDKROOT; };
		DB68D3FD1E9C46160032C389 /* TiHomekitHomeProxy.h */ = {isa = PBXFileReference; fileEncoding = 4; lastKnownFileType = sourcecode.c.h; name = TiHomekitHomeProxy.h; path = Classes/TiHomekitHomeProxy.h; sourceTree = "<group>"; };
		DB68D3FE1E9C46160032C389 /* TiHomekitHomeProxy.m */ = {isa = PBXFileReference; fileEncoding = 4; lastKnownFileType = sourcecode.c.objc; name = TiHomekitHomeProxy.m; path = Classes/TiHomekitHomeProxy.m; sourceTree = "<group>"; };
		DB8F5CD01E9C332200BF7C36 /* TiHomekitAccessoryProxy.h */ = {isa = PBXFileReference; fileEncoding = 4; lastKnownFileType = sourcecode.c.h; name = TiHomekitAccessoryProxy.h; path = Classes/TiHomekitAccessoryProxy.h; sourceTree = "<group>"; };
		DB8F5CD11E9C332200BF7C36 /* TiHomekitAccessoryProxy.m */ = {isa = PBXFileReference; fileEncoding = 4; lastKnownFileType = sourcecode.c.objc; name = TiHomekitAccessoryProxy.m; path = Classes/TiHomekitAccessoryProxy.m; sourceTree = "<group>"; };
		DB9341BA1E9CF41500CEE738 /* TiHomekitUserProxy.h */ = {isa = PBXFileReference; fileEncoding = 4; lastKnownFileType = sourcecode.c.h; name = TiHomekitUserProxy.h; path = Classes/TiHomekitUserProxy.h; sourceTree = "<group>"; };
		DB9341BB1E9CF41500CEE738 /* TiHomekitUserProxy.m */ = {isa = PBXFileReference; fileEncoding = 4; lastKnownFileType = sourcecode.c.objc; name = TiHomekitUserProxy.m; path = Classes/TiHomekitUserProxy.m; sourceTree = "<group>"; };
		DBCC5EFD1E9C21610028DC0B /* TiHomekitAccessoryBrowserProxy.h */ = {isa = PBXFileReference; fileEncoding = 4; lastKnownFileType = sourcecode.c.h; name = TiHomekitAccessoryBrowserProxy.h; path = Classes/TiHomekitAccessoryBrowserProxy.h; sourceTree = "<group>"; };
		DBCC5EFE1E9C21610028DC0B /* TiHomekitAccessoryBrowserProxy.m */ = {isa = PBXFileReference; fileEncoding = 4; lastKnownFileType = sourcecode.c.objc; name = TiHomekitAccessoryBrowserProxy.m; path = Classes/TiHomekitAccessoryBrowserProxy.m; sourceTree = "<group>"; };
/* End PBXFileReference section */

/* Begin PBXFrameworksBuildPhase section */
		D2AAC07C0554694100DB518D /* Frameworks */ = {
			isa = PBXFrameworksBuildPhase;
			buildActionMask = 2147483647;
			files = (
				DB44C7111E9C1B1A00D48B8E /* HomeKit.framework in Frameworks */,
				AACBBE4A0F95108600F1A2B1 /* Foundation.framework in Frameworks */,
			);
			runOnlyForDeploymentPostprocessing = 0;
		};
/* End PBXFrameworksBuildPhase section */

/* Begin PBXGroup section */
		034768DFFF38A50411DB9C8B /* Products */ = {
			isa = PBXGroup;
			children = (
				D2AAC07E0554694100DB518D /* libti.homekit.a */,
			);
			name = Products;
			sourceTree = "<group>";
		};
		0867D691FE84028FC02AAC07 /* titanium-homekit */ = {
			isa = PBXGroup;
			children = (
				08FB77AEFE84172EC02AAC07 /* Classes */,
				32C88DFF0371C24200C91783 /* Other Sources */,
				0867D69AFE84028FC02AAC07 /* Frameworks */,
				034768DFFF38A50411DB9C8B /* Products */,
			);
			name = "titanium-homekit";
			sourceTree = "<group>";
		};
		0867D69AFE84028FC02AAC07 /* Frameworks */ = {
			isa = PBXGroup;
			children = (
				DB44C7101E9C1B1A00D48B8E /* HomeKit.framework */,
				AACBBE490F95108600F1A2B1 /* Foundation.framework */,
			);
			name = Frameworks;
			sourceTree = "<group>";
		};
		08FB77AEFE84172EC02AAC07 /* Classes */ = {
			isa = PBXGroup;
			children = (
				24DD6CF71134B3F500162E58 /* TiHomekitModule.h */,
				24DD6CF81134B3F500162E58 /* TiHomekitModule.m */,
				DB68D3FC1E9C45EA0032C389 /* Home */,
				DB138C4C1E9C36EB00A701D9 /* Accessory Browser */,
				DB138C4B1E9C36E400A701D9 /* Accessory */,
				DB138C491E9C36DB00A701D9 /* Service */,
				DB138C4A1E9C36E000A701D9 /* Room */,
				DB9341BE1E9CF41900CEE738 /* User */,
			);
			name = Classes;
			sourceTree = "<group>";
		};
		32C88DFF0371C24200C91783 /* Other Sources */ = {
			isa = PBXGroup;
			children = (
				24DE9E0F11C5FE74003F90F6 /* TiHomekitModuleAssets.h */,
				24DE9E1011C5FE74003F90F6 /* TiHomekitModuleAssets.m */,
				AA747D9E0F9514B9006C5449 /* TiHomekit_Prefix.pch */,
				24DD6D1B1134B66800162E58 /* titanium.xcconfig */,
			);
			name = "Other Sources";
			sourceTree = "<group>";
		};
		DB138C491E9C36DB00A701D9 /* Service */ = {
			isa = PBXGroup;
			children = (
				DB138C411E9C356300A701D9 /* TiHomekitServiceProxy.h */,
				DB138C421E9C356300A701D9 /* TiHomekitServiceProxy.m */,
			);
			name = Service;
			sourceTree = "<group>";
		};
		DB138C4A1E9C36E000A701D9 /* Room */ = {
			isa = PBXGroup;
			children = (
				DB138C451E9C362100A701D9 /* TiHomekitRoomProxy.h */,
				DB138C461E9C362100A701D9 /* TiHomekitRoomProxy.m */,
			);
			name = Room;
			sourceTree = "<group>";
		};
		DB138C4B1E9C36E400A701D9 /* Accessory */ = {
			isa = PBXGroup;
			children = (
				DB8F5CD01E9C332200BF7C36 /* TiHomekitAccessoryProxy.h */,
				DB8F5CD11E9C332200BF7C36 /* TiHomekitAccessoryProxy.m */,
			);
			name = Accessory;
			sourceTree = "<group>";
		};
		DB138C4C1E9C36EB00A701D9 /* Accessory Browser */ = {
			isa = PBXGroup;
			children = (
				DBCC5EFD1E9C21610028DC0B /* TiHomekitAccessoryBrowserProxy.h */,
				DBCC5EFE1E9C21610028DC0B /* TiHomekitAccessoryBrowserProxy.m */,
			);
			name = "Accessory Browser";
			sourceTree = "<group>";
		};
		DB68D3FC1E9C45EA0032C389 /* Home */ = {
			isa = PBXGroup;
			children = (
				DB68D3FD1E9C46160032C389 /* TiHomekitHomeProxy.h */,
				DB68D3FE1E9C46160032C389 /* TiHomekitHomeProxy.m */,
			);
			name = Home;
			sourceTree = "<group>";
		};
		DB9341BE1E9CF41900CEE738 /* User */ = {
			isa = PBXGroup;
			children = (
				DB9341BA1E9CF41500CEE738 /* TiHomekitUserProxy.h */,
				DB9341BB1E9CF41500CEE738 /* TiHomekitUserProxy.m */,
			);
			name = User;
			sourceTree = "<group>";
		};
/* End PBXGroup section */

/* Begin PBXHeadersBuildPhase section */
		D2AAC07A0554694100DB518D /* Headers */ = {
			isa = PBXHeadersBuildPhase;
			buildActionMask = 2147483647;
			files = (
				DB138C431E9C356300A701D9 /* TiHomekitServiceProxy.h in Headers */,
				DB8F5CD21E9C332200BF7C36 /* TiHomekitAccessoryProxy.h in Headers */,
				DB9341BC1E9CF41500CEE738 /* TiHomekitUserProxy.h in Headers */,
				AA747D9F0F9514B9006C5449 /* TiHomekit_Prefix.pch in Headers */,
				DB68D3FF1E9C46160032C389 /* TiHomekitHomeProxy.h in Headers */,
				24DD6CF91134B3F500162E58 /* TiHomekitModule.h in Headers */,
				DB138C471E9C362100A701D9 /* TiHomekitRoomProxy.h in Headers */,
				24DE9E1111C5FE74003F90F6 /* TiHomekitModuleAssets.h in Headers */,
				DBCC5EFF1E9C21610028DC0B /* TiHomekitAccessoryBrowserProxy.h in Headers */,
			);
			runOnlyForDeploymentPostprocessing = 0;
		};
/* End PBXHeadersBuildPhase section */

/* Begin PBXNativeTarget section */
		D2AAC07D0554694100DB518D /* titanium-homekit */ = {
			isa = PBXNativeTarget;
			buildConfigurationList = 1DEB921E08733DC00010E9CD /* Build configuration list for PBXNativeTarget "titanium-homekit" */;
			buildPhases = (
				D2AAC07A0554694100DB518D /* Headers */,
				D2AAC07B0554694100DB518D /* Sources */,
				D2AAC07C0554694100DB518D /* Frameworks */,
			);
			buildRules = (
			);
			dependencies = (
			);
			name = "titanium-homekit";
			productName = "titanium-homekit";
			productReference = D2AAC07E0554694100DB518D /* libti.homekit.a */;
			productType = "com.apple.product-type.library.static";
		};
/* End PBXNativeTarget section */

/* Begin PBXProject section */
		0867D690FE84028FC02AAC07 /* Project object */ = {
			isa = PBXProject;
			attributes = {
				LastUpgradeCheck = 0830;
			};
			buildConfigurationList = 1DEB922208733DC00010E9CD /* Build configuration list for PBXProject "titanium-homekit" */;
			compatibilityVersion = "Xcode 3.2";
			developmentRegion = English;
			hasScannedForEncodings = 1;
			knownRegions = (
				English,
				Japanese,
				French,
				German,
			);
			mainGroup = 0867D691FE84028FC02AAC07 /* titanium-homekit */;
			productRefGroup = 034768DFFF38A50411DB9C8B /* Products */;
			projectDirPath = "";
			projectRoot = "";
			targets = (
				D2AAC07D0554694100DB518D /* titanium-homekit */,
				24416B8111C4CA220047AFDD /* Build & Test */,
			);
		};
/* End PBXProject section */

/* Begin PBXShellScriptBuildPhase section */
		24416B8011C4CA220047AFDD /* ShellScript */ = {
			isa = PBXShellScriptBuildPhase;
			buildActionMask = 2147483647;
			files = (
			);
			inputPaths = (
			);
			outputPaths = (
			);
			runOnlyForDeploymentPostprocessing = 0;
			shellPath = /bin/sh;
			shellScript = "# shell script goes here\n\npython \"${TITANIUM_SDK}/titanium.py\" run --dir=\"${PROJECT_DIR}\"\nexit $?\n";
		};
/* End PBXShellScriptBuildPhase section */

/* Begin PBXSourcesBuildPhase section */
		D2AAC07B0554694100DB518D /* Sources */ = {
			isa = PBXSourcesBuildPhase;
			buildActionMask = 2147483647;
			files = (
				DB138C481E9C362100A701D9 /* TiHomekitRoomProxy.m in Sources */,
				DB8F5CD31E9C332200BF7C36 /* TiHomekitAccessoryProxy.m in Sources */,
				DB68D4001E9C46160032C389 /* TiHomekitHomeProxy.m in Sources */,
				DB138C441E9C356300A701D9 /* TiHomekitServiceProxy.m in Sources */,
				24DD6CFA1134B3F500162E58 /* TiHomekitModule.m in Sources */,
				DBCC5F001E9C21610028DC0B /* TiHomekitAccessoryBrowserProxy.m in Sources */,
				DB9341BD1E9CF41500CEE738 /* TiHomekitUserProxy.m in Sources */,
				24DE9E1211C5FE74003F90F6 /* TiHomekitModuleAssets.m in Sources */,
			);
			runOnlyForDeploymentPostprocessing = 0;
		};
/* End PBXSourcesBuildPhase section */

/* Begin PBXTargetDependency section */
		24416B8511C4CA280047AFDD /* PBXTargetDependency */ = {
			isa = PBXTargetDependency;
			target = D2AAC07D0554694100DB518D /* titanium-homekit */;
			targetProxy = 24416B8411C4CA280047AFDD /* PBXContainerItemProxy */;
		};
/* End PBXTargetDependency section */

/* Begin XCBuildConfiguration section */
		1DEB921F08733DC00010E9CD /* Debug */ = {
			isa = XCBuildConfiguration;
			baseConfigurationReference = 24DD6D1B1134B66800162E58 /* titanium.xcconfig */;
			buildSettings = {
				CLANG_ENABLE_OBJC_ARC = YES;
				CODE_SIGN_IDENTITY = "iPhone Developer";
				"CODE_SIGN_IDENTITY[sdk=iphoneos*]" = "iPhone Developer";
				DSTROOT = /tmp/TiHomekit.dst;
				ENABLE_BITCODE = NO;
				GCC_C_LANGUAGE_STANDARD = c99;
				GCC_OPTIMIZATION_LEVEL = 0;
				GCC_PRECOMPILE_PREFIX_HEADER = YES;
				GCC_PREFIX_HEADER = TiHomekit_Prefix.pch;
				GCC_PREPROCESSOR_DEFINITIONS = "TI_VERSION=$(TI_VERSION)";
				GCC_TREAT_WARNINGS_AS_ERRORS = NO;
				GCC_VERSION = "";
				GCC_WARN_ABOUT_RETURN_TYPE = NO;
				GCC_WARN_MISSING_PARENTHESES = NO;
				GCC_WARN_SHADOW = NO;
				GCC_WARN_STRICT_SELECTOR_MATCH = NO;
				GCC_WARN_UNUSED_FUNCTION = YES;
				GCC_WARN_UNUSED_PARAMETER = NO;
				GCC_WARN_UNUSED_VALUE = NO;
				GCC_WARN_UNUSED_VARIABLE = NO;
				HEADER_SEARCH_PATHS = (
					"$(TITANIUM_BASE_SDK)/**",
					"$(TITANIUM_BASE_SDK2)/**",
					"$(TITANIUM_BASE_SDK3)/**",
				);
				INSTALL_PATH = /usr/local/lib;
				IPHONEOS_DEPLOYMENT_TARGET = 8.0;
				LIBRARY_SEARCH_PATHS = "";
				OTHER_CFLAGS = (
					"-DDEBUG",
					"-DTI_POST_1_2",
				);
				OTHER_LDFLAGS = "-ObjC";
				PRODUCT_NAME = ti.homekit;
				PROVISIONING_PROFILE = "";
				"PROVISIONING_PROFILE[sdk=iphoneos*]" = "";
				RUN_CLANG_STATIC_ANALYZER = NO;
				SDKROOT = iphoneos;
				USER_HEADER_SEARCH_PATHS = "";
			};
			name = Debug;
		};
		1DEB922008733DC00010E9CD /* Release */ = {
			isa = XCBuildConfiguration;
			baseConfigurationReference = 24DD6D1B1134B66800162E58 /* titanium.xcconfig */;
			buildSettings = {
				ALWAYS_SEARCH_USER_PATHS = NO;
				CLANG_ENABLE_OBJC_ARC = YES;
				DSTROOT = /tmp/TiHomekit.dst;
				ENABLE_BITCODE = NO;
				GCC_C_LANGUAGE_STANDARD = c99;
				GCC_MODEL_TUNING = G5;
				GCC_PRECOMPILE_PREFIX_HEADER = YES;
				GCC_PREFIX_HEADER = TiHomekit_Prefix.pch;
				GCC_PREPROCESSOR_DEFINITIONS = "TI_VERSION=$(TI_VERSION)";
				GCC_TREAT_WARNINGS_AS_ERRORS = NO;
				GCC_VERSION = "";
				GCC_WARN_ABOUT_RETURN_TYPE = NO;
				GCC_WARN_MISSING_PARENTHESES = NO;
				GCC_WARN_SHADOW = NO;
				GCC_WARN_STRICT_SELECTOR_MATCH = NO;
				GCC_WARN_UNUSED_FUNCTION = YES;
				GCC_WARN_UNUSED_PARAMETER = NO;
				GCC_WARN_UNUSED_VALUE = NO;
				GCC_WARN_UNUSED_VARIABLE = NO;
				INSTALL_PATH = /usr/local/lib;
				IPHONEOS_DEPLOYMENT_TARGET = 8.0;
				LIBRARY_SEARCH_PATHS = "";
				OTHER_CFLAGS = "-DTI_POST_1_2";
				OTHER_LDFLAGS = "-ObjC";
				PRODUCT_NAME = ti.homekit;
				RUN_CLANG_STATIC_ANALYZER = NO;
				SDKROOT = iphoneos;
				USER_HEADER_SEARCH_PATHS = "";
			};
			name = Release;
		};
		1DEB922308733DC00010E9CD /* Debug */ = {
			isa = XCBuildConfiguration;
			baseConfigurationReference = 24DD6D1B1134B66800162E58 /* titanium.xcconfig */;
			buildSettings = {
				CLANG_ANALYZER_LOCALIZABILITY_NONLOCALIZED = YES;
				CLANG_CXX_LIBRARY = "compiler-default";
				CLANG_WARN_BOOL_CONVERSION = YES;
				CLANG_WARN_CONSTANT_CONVERSION = YES;
				CLANG_WARN_EMPTY_BODY = YES;
				CLANG_WARN_ENUM_CONVERSION = YES;
				CLANG_WARN_INFINITE_RECURSION = YES;
				CLANG_WARN_INT_CONVERSION = YES;
				CLANG_WARN_SUSPICIOUS_MOVE = YES;
				CLANG_WARN_UNREACHABLE_CODE = YES;
				CLANG_WARN__DUPLICATE_METHOD_MATCH = YES;
				CODE_SIGN_IDENTITY = "iPhone Developer";
				"CODE_SIGN_IDENTITY[sdk=iphoneos*]" = "iPhone Developer";
				DSTROOT = /tmp/TiHomekit.dst;
				ENABLE_STRICT_OBJC_MSGSEND = YES;
				ENABLE_TESTABILITY = YES;
				GCC_C_LANGUAGE_STANDARD = c99;
				GCC_NO_COMMON_BLOCKS = YES;
				GCC_OPTIMIZATION_LEVEL = 0;
				GCC_PRECOMPILE_PREFIX_HEADER = YES;
				GCC_PREFIX_HEADER = TiHomekit_Prefix.pch;
				GCC_PREPROCESSOR_DEFINITIONS = "TI_VERSION=$(TI_VERSION)";
				GCC_TREAT_WARNINGS_AS_ERRORS = NO;
				GCC_VERSION = "";
				GCC_WARN_64_TO_32_BIT_CONVERSION = YES;
				GCC_WARN_ABOUT_RETURN_TYPE = NO;
				GCC_WARN_MISSING_PARENTHESES = NO;
				GCC_WARN_SHADOW = NO;
				GCC_WARN_STRICT_SELECTOR_MATCH = NO;
				GCC_WARN_UNDECLARED_SELECTOR = YES;
				GCC_WARN_UNINITIALIZED_AUTOS = YES;
				GCC_WARN_UNUSED_FUNCTION = YES;
				GCC_WARN_UNUSED_PARAMETER = NO;
				GCC_WARN_UNUSED_VALUE = NO;
				GCC_WARN_UNUSED_VARIABLE = NO;
				INSTALL_PATH = /usr/local/lib;
				ONLY_ACTIVE_ARCH = YES;
				OTHER_CFLAGS = (
					"-DDEBUG",
					"-DTI_POST_1_2",
				);
				OTHER_LDFLAGS = "-ObjC";
				PRODUCT_NAME = ti.homekit;
				PROVISIONING_PROFILE = "";
				"PROVISIONING_PROFILE[sdk=iphoneos*]" = "";
				RUN_CLANG_STATIC_ANALYZER = NO;
				SDKROOT = iphoneos;
				USER_HEADER_SEARCH_PATHS = "";
			};
			name = Debug;
		};
		1DEB922408733DC00010E9CD /* Release */ = {
			isa = XCBuildConfiguration;
			baseConfigurationReference = 24DD6D1B1134B66800162E58 /* titanium.xcconfig */;
			buildSettings = {
				ALWAYS_SEARCH_USER_PATHS = NO;
				CLANG_ANALYZER_LOCALIZABILITY_NONLOCALIZED = YES;
				CLANG_CXX_LIBRARY = "compiler-default";
				CLANG_WARN_BOOL_CONVERSION = YES;
				CLANG_WARN_CONSTANT_CONVERSION = YES;
				CLANG_WARN_EMPTY_BODY = YES;
				CLANG_WARN_ENUM_CONVERSION = YES;
				CLANG_WARN_INFINITE_RECURSION = YES;
				CLANG_WARN_INT_CONVERSION = YES;
				CLANG_WARN_SUSPICIOUS_MOVE = YES;
				CLANG_WARN_UNREACHABLE_CODE = YES;
				CLANG_WARN__DUPLICATE_METHOD_MATCH = YES;
				DSTROOT = /tmp/TiHomekit.dst;
				ENABLE_STRICT_OBJC_MSGSEND = YES;
				GCC_C_LANGUAGE_STANDARD = c99;
				GCC_MODEL_TUNING = G5;
				GCC_NO_COMMON_BLOCKS = YES;
				GCC_PRECOMPILE_PREFIX_HEADER = YES;
				GCC_PREFIX_HEADER = TiHomekit_Prefix.pch;
				GCC_PREPROCESSOR_DEFINITIONS = "TI_VERSION=$(TI_VERSION)";
				GCC_TREAT_WARNINGS_AS_ERRORS = NO;
				GCC_VERSION = "";
				GCC_WARN_64_TO_32_BIT_CONVERSION = YES;
				GCC_WARN_ABOUT_RETURN_TYPE = NO;
				GCC_WARN_MISSING_PARENTHESES = NO;
				GCC_WARN_SHADOW = NO;
				GCC_WARN_STRICT_SELECTOR_MATCH = NO;
				GCC_WARN_UNDECLARED_SELECTOR = YES;
				GCC_WARN_UNINITIALIZED_AUTOS = YES;
				GCC_WARN_UNUSED_FUNCTION = YES;
				GCC_WARN_UNUSED_PARAMETER = NO;
				GCC_WARN_UNUSED_VALUE = NO;
				GCC_WARN_UNUSED_VARIABLE = NO;
				INSTALL_PATH = /usr/local/lib;
				IPHONEOS_DEPLOYMENT_TARGET = 8.0;
				OTHER_CFLAGS = "-DTI_POST_1_2";
				OTHER_LDFLAGS = "-ObjC";
				PRODUCT_NAME = ti.homekit;
				RUN_CLANG_STATIC_ANALYZER = NO;
				SDKROOT = iphoneos;
				USER_HEADER_SEARCH_PATHS = "";
			};
			name = Release;
		};
		24416B8211C4CA220047AFDD /* Debug */ = {
			isa = XCBuildConfiguration;
			baseConfigurationReference = 24DD6D1B1134B66800162E58 /* titanium.xcconfig */;
			buildSettings = {
				COPY_PHASE_STRIP = NO;
				GCC_DYNAMIC_NO_PIC = NO;
				GCC_OPTIMIZATION_LEVEL = 0;
				PRODUCT_NAME = "Build & test";
			};
			name = Debug;
		};
		24416B8311C4CA220047AFDD /* Release */ = {
			isa = XCBuildConfiguration;
			baseConfigurationReference = 24DD6D1B1134B66800162E58 /* titanium.xcconfig */;
			buildSettings = {
				COPY_PHASE_STRIP = YES;
				DEBUG_INFORMATION_FORMAT = "dwarf-with-dsym";
				GCC_ENABLE_FIX_AND_CONTINUE = NO;
				PRODUCT_NAME = "Build & test";
				ZERO_LINK = NO;
			};
			name = Release;
		};
/* End XCBuildConfiguration section */

/* Begin XCConfigurationList section */
		1DEB921E08733DC00010E9CD /* Build configuration list for PBXNativeTarget "titanium-homekit" */ = {
			isa = XCConfigurationList;
			buildConfigurations = (
				1DEB921F08733DC00010E9CD /* Debug */,
				1DEB922008733DC00010E9CD /* Release */,
			);
			defaultConfigurationIsVisible = 0;
			defaultConfigurationName = Release;
		};
		1DEB922208733DC00010E9CD /* Build configuration list for PBXProject "titanium-homekit" */ = {
			isa = XCConfigurationList;
			buildConfigurations = (
				1DEB922308733DC00010E9CD /* Debug */,
				1DEB922408733DC00010E9CD /* Release */,
			);
			defaultConfigurationIsVisible = 0;
			defaultConfigurationName = Release;
		};
		24416B8A11C4CA520047AFDD /* Build configuration list for PBXAggregateTarget "Build & Test" */ = {
			isa = XCConfigurationList;
			buildConfigurations = (
				24416B8211C4CA220047AFDD /* Debug */,
				24416B8311C4CA220047AFDD /* Release */,
			);
			defaultConfigurationIsVisible = 0;
			defaultConfigurationName = Release;
		};
/* End XCConfigurationList section */
	};
	rootObject = 0867D690FE84028FC02AAC07 /* Project object */;
}
